// !$*UTF8*$!
{
	archiveVersion = 1;
	classes = {
	};
	objectVersion = 77;
	objects = {

/* Begin PBXBuildFile section */
		A40BD1382DC4E9DE00E54311 /* StorageService.framework in Frameworks */ = {isa = PBXBuildFile; fileRef = A40BD1302DC4E9DE00E54311 /* StorageService.framework */; };
		A40BD1392DC4E9DE00E54311 /* StorageService.framework in Embed Frameworks */ = {isa = PBXBuildFile; fileRef = A40BD1302DC4E9DE00E54311 /* StorageService.framework */; settings = {ATTRIBUTES = (CodeSignOnCopy, RemoveHeadersOnCopy, ); }; };
		A40EDF422D591101004C4BB6 /* ProfileHeaderView.swift in Sources */ = {isa = PBXBuildFile; fileRef = A40EDF402D591101004C4BB6 /* ProfileHeaderView.swift */; };
		A40EDF432D591101004C4BB6 /* ProfileViewController.swift in Sources */ = {isa = PBXBuildFile; fileRef = A40EDF412D591101004C4BB6 /* ProfileViewController.swift */; };
		A40EDF512D591101004C4BB6 /* Assets.xcassets in Resources */ = {isa = PBXBuildFile; fileRef = A40EDF452D591101004C4BB6 /* Assets.xcassets */; };
		A40EDF532D591101004C4BB6 /* LaunchScreen.storyboard in Resources */ = {isa = PBXBuildFile; fileRef = A40EDF492D591101004C4BB6 /* LaunchScreen.storyboard */; };
		A40EDF542D591101004C4BB6 /* AppDelegate.swift in Sources */ = {isa = PBXBuildFile; fileRef = A40EDF442D591101004C4BB6 /* AppDelegate.swift */; };
		A40EDF552D591101004C4BB6 /* FeedViewController.swift in Sources */ = {isa = PBXBuildFile; fileRef = A40EDF462D591101004C4BB6 /* FeedViewController.swift */; };
		A40EDF562D591101004C4BB6 /* InfoViewController.swift in Sources */ = {isa = PBXBuildFile; fileRef = A40EDF482D591101004C4BB6 /* InfoViewController.swift */; };
		A40EDF5A2D591101004C4BB6 /* SceneDelegate.swift in Sources */ = {isa = PBXBuildFile; fileRef = A40EDF4D2D591101004C4BB6 /* SceneDelegate.swift */; };
		A40EDF5B2D591101004C4BB6 /* UIViewController+Extensions.swift in Sources */ = {isa = PBXBuildFile; fileRef = A40EDF4E2D591101004C4BB6 /* UIViewController+Extensions.swift */; };
		A40EDF5C2D591101004C4BB6 /* ViewController.swift in Sources */ = {isa = PBXBuildFile; fileRef = A40EDF4F2D591101004C4BB6 /* ViewController.swift */; };
		A437E3262D68F1BF0070C652 /* PostTableViewCell.swift in Sources */ = {isa = PBXBuildFile; fileRef = A437E3252D68F1B30070C652 /* PostTableViewCell.swift */; };
		A4CFF8542D612BB3000BA577 /* LogInViewController.swift in Sources */ = {isa = PBXBuildFile; fileRef = A4CFF8532D612BA5000BA577 /* LogInViewController.swift */; };
		A4F9BCC82D7427B7003960BB /* PhotosTableViewCell.swift in Sources */ = {isa = PBXBuildFile; fileRef = A4F9BCC72D7427B2003960BB /* PhotosTableViewCell.swift */; };
		A4F9BCCA2D742BFA003960BB /* PhotosViewController.swift in Sources */ = {isa = PBXBuildFile; fileRef = A4F9BCC92D742BF7003960BB /* PhotosViewController.swift */; };
		A4F9BCCC2D742C1F003960BB /* PhotosCollectionViewCell.swift in Sources */ = {isa = PBXBuildFile; fileRef = A4F9BCCB2D742C18003960BB /* PhotosCollectionViewCell.swift */; };
		A4F9BCCE2D79903F003960BB /* DataManager.swift in Sources */ = {isa = PBXBuildFile; fileRef = A4F9BCCD2D79903D003960BB /* DataManager.swift */; };
/* End PBXBuildFile section */

/* Begin PBXContainerItemProxy section */
		A40BD1362DC4E9DE00E54311 /* PBXContainerItemProxy */ = {
			isa = PBXContainerItemProxy;
			containerPortal = A4F08F3B2D4238CE0058DE06 /* Project object */;
			proxyType = 1;
			remoteGlobalIDString = A40BD12F2DC4E9DE00E54311;
			remoteInfo = StorageService;
		};
/* End PBXContainerItemProxy section */

/* Begin PBXCopyFilesBuildPhase section */
		A40BD13D2DC4E9DE00E54311 /* Embed Frameworks */ = {
			isa = PBXCopyFilesBuildPhase;
			buildActionMask = 2147483647;
			dstPath = "";
			dstSubfolderSpec = 10;
			files = (
				A40BD1392DC4E9DE00E54311 /* StorageService.framework in Embed Frameworks */,
			);
			name = "Embed Frameworks";
			runOnlyForDeploymentPostprocessing = 0;
		};
/* End PBXCopyFilesBuildPhase section */

/* Begin PBXFileReference section */
		A40BD1302DC4E9DE00E54311 /* StorageService.framework */ = {isa = PBXFileReference; explicitFileType = wrapper.framework; includeInIndex = 0; path = StorageService.framework; sourceTree = BUILT_PRODUCTS_DIR; };
		A40EDF402D591101004C4BB6 /* ProfileHeaderView.swift */ = {isa = PBXFileReference; lastKnownFileType = sourcecode.swift; path = ProfileHeaderView.swift; sourceTree = "<group>"; };
		A40EDF412D591101004C4BB6 /* ProfileViewController.swift */ = {isa = PBXFileReference; lastKnownFileType = sourcecode.swift; path = ProfileViewController.swift; sourceTree = "<group>"; };
		A40EDF442D591101004C4BB6 /* AppDelegate.swift */ = {isa = PBXFileReference; lastKnownFileType = sourcecode.swift; path = AppDelegate.swift; sourceTree = "<group>"; };
		A40EDF452D591101004C4BB6 /* Assets.xcassets */ = {isa = PBXFileReference; lastKnownFileType = folder.assetcatalog; path = Assets.xcassets; sourceTree = "<group>"; };
		A40EDF462D591101004C4BB6 /* FeedViewController.swift */ = {isa = PBXFileReference; lastKnownFileType = sourcecode.swift; path = FeedViewController.swift; sourceTree = "<group>"; };
		A40EDF472D591101004C4BB6 /* Info.plist */ = {isa = PBXFileReference; lastKnownFileType = text.plist.xml; path = Info.plist; sourceTree = "<group>"; };
		A40EDF482D591101004C4BB6 /* InfoViewController.swift */ = {isa = PBXFileReference; lastKnownFileType = sourcecode.swift; path = InfoViewController.swift; sourceTree = "<group>"; };
		A40EDF4D2D591101004C4BB6 /* SceneDelegate.swift */ = {isa = PBXFileReference; lastKnownFileType = sourcecode.swift; path = SceneDelegate.swift; sourceTree = "<group>"; };
		A40EDF4E2D591101004C4BB6 /* UIViewController+Extensions.swift */ = {isa = PBXFileReference; lastKnownFileType = sourcecode.swift; path = "UIViewController+Extensions.swift"; sourceTree = "<group>"; };
		A40EDF4F2D591101004C4BB6 /* ViewController.swift */ = {isa = PBXFileReference; lastKnownFileType = sourcecode.swift; path = ViewController.swift; sourceTree = "<group>"; };
		A40EDF502D591101004C4BB6 /* Base */ = {isa = PBXFileReference; lastKnownFileType = file.storyboard; name = Base; path = Base.lproj/LaunchScreen.storyboard; sourceTree = "<group>"; };
		A437E3252D68F1B30070C652 /* PostTableViewCell.swift */ = {isa = PBXFileReference; lastKnownFileType = sourcecode.swift; path = PostTableViewCell.swift; sourceTree = "<group>"; };
		A4CFF8532D612BA5000BA577 /* LogInViewController.swift */ = {isa = PBXFileReference; lastKnownFileType = sourcecode.swift; path = LogInViewController.swift; sourceTree = "<group>"; };
		A4F08F432D4238CE0058DE06 /* navigation.app */ = {isa = PBXFileReference; explicitFileType = wrapper.application; includeInIndex = 0; path = navigation.app; sourceTree = BUILT_PRODUCTS_DIR; };
		A4F9BCC72D7427B2003960BB /* PhotosTableViewCell.swift */ = {isa = PBXFileReference; lastKnownFileType = sourcecode.swift; path = PhotosTableViewCell.swift; sourceTree = "<group>"; };
		A4F9BCC92D742BF7003960BB /* PhotosViewController.swift */ = {isa = PBXFileReference; lastKnownFileType = sourcecode.swift; path = PhotosViewController.swift; sourceTree = "<group>"; };
		A4F9BCCB2D742C18003960BB /* PhotosCollectionViewCell.swift */ = {isa = PBXFileReference; lastKnownFileType = sourcecode.swift; path = PhotosCollectionViewCell.swift; sourceTree = "<group>"; };
		A4F9BCCD2D79903D003960BB /* DataManager.swift */ = {isa = PBXFileReference; lastKnownFileType = sourcecode.swift; path = DataManager.swift; sourceTree = "<group>"; };
/* End PBXFileReference section */

/* Begin PBXFileSystemSynchronizedRootGroup section */
		A40BD1312DC4E9DE00E54311 /* StorageService */ = {
			isa = PBXFileSystemSynchronizedRootGroup;
			path = StorageService;
			sourceTree = "<group>";
		};
/* End PBXFileSystemSynchronizedRootGroup section */

/* Begin PBXFrameworksBuildPhase section */
		A40BD12D2DC4E9DE00E54311 /* Frameworks */ = {
			isa = PBXFrameworksBuildPhase;
			buildActionMask = 2147483647;
			files = (
			);
			runOnlyForDeploymentPostprocessing = 0;
		};
		A4F08F402D4238CE0058DE06 /* Frameworks */ = {
			isa = PBXFrameworksBuildPhase;
			buildActionMask = 2147483647;
			files = (
				A40BD1382DC4E9DE00E54311 /* StorageService.framework in Frameworks */,
			);
			runOnlyForDeploymentPostprocessing = 0;
		};
/* End PBXFrameworksBuildPhase section */

/* Begin PBXGroup section */
		A40EDF5D2D5D6A89004C4BB6 /* navigation */ = {
			isa = PBXGroup;
			children = (
				A40EDF492D591101004C4BB6 /* LaunchScreen.storyboard */,
				A40EDF472D591101004C4BB6 /* Info.plist */,
				A40EDF4F2D591101004C4BB6 /* ViewController.swift */,
				A40EDF482D591101004C4BB6 /* InfoViewController.swift */,
				A40EDF4E2D591101004C4BB6 /* UIViewController+Extensions.swift */,
				A40EDF4D2D591101004C4BB6 /* SceneDelegate.swift */,
				A40EDF462D591101004C4BB6 /* FeedViewController.swift */,
				A40EDF442D591101004C4BB6 /* AppDelegate.swift */,
				A40EDF452D591101004C4BB6 /* Assets.xcassets */,
				A40EDF5F2D5D6AC8004C4BB6 /* profile */,
			);
			path = navigation;
			sourceTree = "<group>";
		};
		A40EDF5F2D5D6AC8004C4BB6 /* profile */ = {
			isa = PBXGroup;
			children = (
				A4F9BCC72D7427B2003960BB /* PhotosTableViewCell.swift */,
				A4CFF8532D612BA5000BA577 /* LogInViewController.swift */,
				A40EDF412D591101004C4BB6 /* ProfileViewController.swift */,
				A4F9BCCD2D79903D003960BB /* DataManager.swift */,
				A4F9BCC92D742BF7003960BB /* PhotosViewController.swift */,
				A4F9BCCB2D742C18003960BB /* PhotosCollectionViewCell.swift */,
				A437E3252D68F1B30070C652 /* PostTableViewCell.swift */,
				A40EDF402D591101004C4BB6 /* ProfileHeaderView.swift */,
			);
			path = profile;
			sourceTree = "<group>";
		};
		A4F08F3A2D4238CE0058DE06 = {
			isa = PBXGroup;
			children = (
				A40EDF5D2D5D6A89004C4BB6 /* navigation */,
				A40BD1312DC4E9DE00E54311 /* StorageService */,
				A4F08F442D4238CE0058DE06 /* Products */,
			);
			sourceTree = "<group>";
		};
		A4F08F442D4238CE0058DE06 /* Products */ = {
			isa = PBXGroup;
			children = (
				A4F08F432D4238CE0058DE06 /* navigation.app */,
				A40BD1302DC4E9DE00E54311 /* StorageService.framework */,
			);
			name = Products;
			sourceTree = "<group>";
		};
/* End PBXGroup section */

/* Begin PBXHeadersBuildPhase section */
		A40BD12B2DC4E9DE00E54311 /* Headers */ = {
			isa = PBXHeadersBuildPhase;
			buildActionMask = 2147483647;
			files = (
			);
			runOnlyForDeploymentPostprocessing = 0;
		};
/* End PBXHeadersBuildPhase section */

/* Begin PBXNativeTarget section */
		A40BD12F2DC4E9DE00E54311 /* StorageService */ = {
			isa = PBXNativeTarget;
			buildConfigurationList = A40BD13A2DC4E9DE00E54311 /* Build configuration list for PBXNativeTarget "StorageService" */;
			buildPhases = (
				A40BD12B2DC4E9DE00E54311 /* Headers */,
				A40BD12C2DC4E9DE00E54311 /* Sources */,
				A40BD12D2DC4E9DE00E54311 /* Frameworks */,
				A40BD12E2DC4E9DE00E54311 /* Resources */,
			);
			buildRules = (
			);
			dependencies = (
			);
			fileSystemSynchronizedGroups = (
				A40BD1312DC4E9DE00E54311 /* StorageService */,
			);
			name = StorageService;
			packageProductDependencies = (
			);
			productName = StorageService;
			productReference = A40BD1302DC4E9DE00E54311 /* StorageService.framework */;
			productType = "com.apple.product-type.framework";
		};
		A4F08F422D4238CE0058DE06 /* navigation */ = {
			isa = PBXNativeTarget;
			buildConfigurationList = A4F08F562D4238CF0058DE06 /* Build configuration list for PBXNativeTarget "navigation" */;
			buildPhases = (
				A4F08F3F2D4238CE0058DE06 /* Sources */,
				A4F08F402D4238CE0058DE06 /* Frameworks */,
				A4F08F412D4238CE0058DE06 /* Resources */,
				A40BD13D2DC4E9DE00E54311 /* Embed Frameworks */,
			);
			buildRules = (
			);
			dependencies = (
				A40BD1372DC4E9DE00E54311 /* PBXTargetDependency */,
			);
			name = navigation;
			packageProductDependencies = (
			);
			productName = navigation;
			productReference = A4F08F432D4238CE0058DE06 /* navigation.app */;
			productType = "com.apple.product-type.application";
		};
/* End PBXNativeTarget section */

/* Begin PBXProject section */
		A4F08F3B2D4238CE0058DE06 /* Project object */ = {
			isa = PBXProject;
			attributes = {
				BuildIndependentTargetsInParallel = 1;
				LastSwiftUpdateCheck = 1630;
				LastUpgradeCheck = 1620;
				TargetAttributes = {
					A40BD12F2DC4E9DE00E54311 = {
						CreatedOnToolsVersion = 16.3;
					};
					A4F08F422D4238CE0058DE06 = {
						CreatedOnToolsVersion = 16.2;
					};
				};
			};
			buildConfigurationList = A4F08F3E2D4238CE0058DE06 /* Build configuration list for PBXProject "navigation" */;
			developmentRegion = en;
			hasScannedForEncodings = 0;
			knownRegions = (
				en,
				Base,
			);
			mainGroup = A4F08F3A2D4238CE0058DE06;
			minimizedProjectReferenceProxies = 1;
			preferredProjectObjectVersion = 77;
			productRefGroup = A4F08F442D4238CE0058DE06 /* Products */;
			projectDirPath = "";
			projectRoot = "";
			targets = (
				A4F08F422D4238CE0058DE06 /* navigation */,
				A40BD12F2DC4E9DE00E54311 /* StorageService */,
			);
		};
/* End PBXProject section */

/* Begin PBXResourcesBuildPhase section */
		A40BD12E2DC4E9DE00E54311 /* Resources */ = {
			isa = PBXResourcesBuildPhase;
			buildActionMask = 2147483647;
			files = (
			);
			runOnlyForDeploymentPostprocessing = 0;
		};
		A4F08F412D4238CE0058DE06 /* Resources */ = {
			isa = PBXResourcesBuildPhase;
			buildActionMask = 2147483647;
			files = (
				A40EDF512D591101004C4BB6 /* Assets.xcassets in Resources */,
				A40EDF532D591101004C4BB6 /* LaunchScreen.storyboard in Resources */,
			);
			runOnlyForDeploymentPostprocessing = 0;
		};
/* End PBXResourcesBuildPhase section */

/* Begin PBXSourcesBuildPhase section */
		A40BD12C2DC4E9DE00E54311 /* Sources */ = {
			isa = PBXSourcesBuildPhase;
			buildActionMask = 2147483647;
			files = (
			);
			runOnlyForDeploymentPostprocessing = 0;
		};
		A4F08F3F2D4238CE0058DE06 /* Sources */ = {
			isa = PBXSourcesBuildPhase;
			buildActionMask = 2147483647;
			files = (
				A4F9BCC82D7427B7003960BB /* PhotosTableViewCell.swift in Sources */,
				A4F9BCCE2D79903F003960BB /* DataManager.swift in Sources */,
				A4F9BCCC2D742C1F003960BB /* PhotosCollectionViewCell.swift in Sources */,
				A4F9BCCA2D742BFA003960BB /* PhotosViewController.swift in Sources */,
				A437E3262D68F1BF0070C652 /* PostTableViewCell.swift in Sources */,
				A40EDF422D591101004C4BB6 /* ProfileHeaderView.swift in Sources */,
				A40EDF542D591101004C4BB6 /* AppDelegate.swift in Sources */,
				A40EDF552D591101004C4BB6 /* FeedViewController.swift in Sources */,
				A40EDF562D591101004C4BB6 /* InfoViewController.swift in Sources */,
				A40EDF5A2D591101004C4BB6 /* SceneDelegate.swift in Sources */,
				A4CFF8542D612BB3000BA577 /* LogInViewController.swift in Sources */,
				A40EDF5B2D591101004C4BB6 /* UIViewController+Extensions.swift in Sources */,
				A40EDF5C2D591101004C4BB6 /* ViewController.swift in Sources */,
				A40EDF432D591101004C4BB6 /* ProfileViewController.swift in Sources */,
			);
			runOnlyForDeploymentPostprocessing = 0;
		};
/* End PBXSourcesBuildPhase section */

/* Begin PBXTargetDependency section */
		A40BD1372DC4E9DE00E54311 /* PBXTargetDependency */ = {
			isa = PBXTargetDependency;
			target = A40BD12F2DC4E9DE00E54311 /* StorageService */;
			targetProxy = A40BD1362DC4E9DE00E54311 /* PBXContainerItemProxy */;
		};
/* End PBXTargetDependency section */

/* Begin PBXVariantGroup section */
		A40EDF492D591101004C4BB6 /* LaunchScreen.storyboard */ = {
			isa = PBXVariantGroup;
			children = (
				A40EDF502D591101004C4BB6 /* Base */,
			);
			name = LaunchScreen.storyboard;
			sourceTree = "<group>";
		};
/* End PBXVariantGroup section */

/* Begin XCBuildConfiguration section */
		A40BD13B2DC4E9DE00E54311 /* Debug */ = {
			isa = XCBuildConfiguration;
			buildSettings = {
				BUILD_LIBRARY_FOR_DISTRIBUTION = YES;
				CODE_SIGN_STYLE = Automatic;
				CURRENT_PROJECT_VERSION = 1;
				DEVELOPMENT_TEAM = 52TA8YKV4J;
				DYLIB_COMPATIBILITY_VERSION = 1;
				DYLIB_CURRENT_VERSION = 1;
				DYLIB_INSTALL_NAME_BASE = "@rpath";
				ENABLE_MODULE_VERIFIER = YES;
				GENERATE_INFOPLIST_FILE = YES;
				INFOPLIST_KEY_NSHumanReadableCopyright = "";
				INSTALL_PATH = "$(LOCAL_LIBRARY_DIR)/Frameworks";
				IPHONEOS_DEPLOYMENT_TARGET = 18.4;
				LD_RUNPATH_SEARCH_PATHS = (
					"$(inherited)",
					"@executable_path/Frameworks",
					"@loader_path/Frameworks",
				);
				MARKETING_VERSION = 1.0;
				MODULE_VERIFIER_SUPPORTED_LANGUAGES = "objective-c objective-c++";
				MODULE_VERIFIER_SUPPORTED_LANGUAGE_STANDARDS = "gnu17 gnu++20";
				PRODUCT_BUNDLE_IDENTIFIER = "-.StorageService";
				PRODUCT_NAME = "$(TARGET_NAME:c99extidentifier)";
				SKIP_INSTALL = YES;
				SWIFT_EMIT_LOC_STRINGS = YES;
				SWIFT_INSTALL_MODULE = YES;
				SWIFT_INSTALL_OBJC_HEADER = NO;
				SWIFT_VERSION = 5.0;
				TARGETED_DEVICE_FAMILY = "1,2";
				VERSIONING_SYSTEM = "apple-generic";
				VERSION_INFO_PREFIX = "";
			};
			name = Debug;
		};
		A40BD13C2DC4E9DE00E54311 /* Release */ = {
			isa = XCBuildConfiguration;
			buildSettings = {
				BUILD_LIBRARY_FOR_DISTRIBUTION = YES;
				CODE_SIGN_STYLE = Automatic;
				CURRENT_PROJECT_VERSION = 1;
				DEVELOPMENT_TEAM = 52TA8YKV4J;
				DYLIB_COMPATIBILITY_VERSION = 1;
				DYLIB_CURRENT_VERSION = 1;
				DYLIB_INSTALL_NAME_BASE = "@rpath";
				ENABLE_MODULE_VERIFIER = YES;
				GENERATE_INFOPLIST_FILE = YES;
				INFOPLIST_KEY_NSHumanReadableCopyright = "";
				INSTALL_PATH = "$(LOCAL_LIBRARY_DIR)/Frameworks";
				IPHONEOS_DEPLOYMENT_TARGET = 18.4;
				LD_RUNPATH_SEARCH_PATHS = (
					"$(inherited)",
					"@executable_path/Frameworks",
					"@loader_path/Frameworks",
				);
				MARKETING_VERSION = 1.0;
				MODULE_VERIFIER_SUPPORTED_LANGUAGES = "objective-c objective-c++";
				MODULE_VERIFIER_SUPPORTED_LANGUAGE_STANDARDS = "gnu17 gnu++20";
				PRODUCT_BUNDLE_IDENTIFIER = "-.StorageService";
				PRODUCT_NAME = "$(TARGET_NAME:c99extidentifier)";
				SKIP_INSTALL = YES;
				SWIFT_EMIT_LOC_STRINGS = YES;
				SWIFT_INSTALL_MODULE = YES;
				SWIFT_INSTALL_OBJC_HEADER = NO;
				SWIFT_VERSION = 5.0;
				TARGETED_DEVICE_FAMILY = "1,2";
				VERSIONING_SYSTEM = "apple-generic";
				VERSION_INFO_PREFIX = "";
			};
			name = Release;
		};
		A4F08F572D4238CF0058DE06 /* Debug */ = {
			isa = XCBuildConfiguration;
			buildSettings = {
				ASSETCATALOG_COMPILER_APPICON_NAME = AppIcon;
				ASSETCATALOG_COMPILER_GLOBAL_ACCENT_COLOR_NAME = AccentColor;
				CODE_SIGN_STYLE = Automatic;
				CURRENT_PROJECT_VERSION = 1;
				DEVELOPMENT_TEAM = 52TA8YKV4J;
				GENERATE_INFOPLIST_FILE = YES;
				INFOPLIST_FILE = navigation/Info.plist;
				INFOPLIST_KEY_UIApplicationSupportsIndirectInputEvents = YES;
				INFOPLIST_KEY_UILaunchStoryboardName = LaunchScreen;
				INFOPLIST_KEY_UISupportedInterfaceOrientations_iPad = "UIInterfaceOrientationPortrait UIInterfaceOrientationPortraitUpsideDown UIInterfaceOrientationLandscapeLeft UIInterfaceOrientationLandscapeRight";
				INFOPLIST_KEY_UISupportedInterfaceOrientations_iPhone = "UIInterfaceOrientationPortrait UIInterfaceOrientationLandscapeLeft UIInterfaceOrientationLandscapeRight";
				LD_RUNPATH_SEARCH_PATHS = (
					"$(inherited)",
					"@executable_path/Frameworks",
				);
				MARKETING_VERSION = 1.0;
				PRODUCT_BUNDLE_IDENTIFIER = "-.navigation";
				PRODUCT_NAME = "$(TARGET_NAME)";
				SUPPORTED_PLATFORMS = "iphoneos iphonesimulator";
				SUPPORTS_MACCATALYST = NO;
				SUPPORTS_MAC_DESIGNED_FOR_IPHONE_IPAD = NO;
				SUPPORTS_XR_DESIGNED_FOR_IPHONE_IPAD = NO;
				SWIFT_EMIT_LOC_STRINGS = YES;
				SWIFT_VERSION = 5.0;
				TARGETED_DEVICE_FAMILY = 1;
			};
			name = Debug;
		};
		A4F08F582D4238CF0058DE06 /* Release */ = {
			isa = XCBuildConfiguration;
			buildSettings = {
				ASSETCATALOG_COMPILER_APPICON_NAME = AppIcon;
				ASSETCATALOG_COMPILER_GLOBAL_ACCENT_COLOR_NAME = AccentColor;
				CODE_SIGN_STYLE = Automatic;
				CURRENT_PROJECT_VERSION = 1;
				DEVELOPMENT_TEAM = 52TA8YKV4J;
				GENERATE_INFOPLIST_FILE = YES;
				INFOPLIST_FILE = navigation/Info.plist;
				INFOPLIST_KEY_UIApplicationSupportsIndirectInputEvents = YES;
				INFOPLIST_KEY_UILaunchStoryboardName = LaunchScreen;
				INFOPLIST_KEY_UISupportedInterfaceOrientations_iPad = "UIInterfaceOrientationPortrait UIInterfaceOrientationPortraitUpsideDown UIInterfaceOrientationLandscapeLeft UIInterfaceOrientationLandscapeRight";
				INFOPLIST_KEY_UISupportedInterfaceOrientations_iPhone = "UIInterfaceOrientationPortrait UIInterfaceOrientationLandscapeLeft UIInterfaceOrientationLandscapeRight";
				LD_RUNPATH_SEARCH_PATHS = (
					"$(inherited)",
					"@executable_path/Frameworks",
				);
				MARKETING_VERSION = 1.0;
				PRODUCT_BUNDLE_IDENTIFIER = "-.navigation";
				PRODUCT_NAME = "$(TARGET_NAME)";
				SUPPORTED_PLATFORMS = "iphoneos iphonesimulator";
				SUPPORTS_MACCATALYST = NO;
				SUPPORTS_MAC_DESIGNED_FOR_IPHONE_IPAD = NO;
				SUPPORTS_XR_DESIGNED_FOR_IPHONE_IPAD = NO;
				SWIFT_EMIT_LOC_STRINGS = YES;
				SWIFT_VERSION = 5.0;
				TARGETED_DEVICE_FAMILY = 1;
			};
			name = Release;
		};
		A4F08F592D4238CF0058DE06 /* Debug */ = {
			isa = XCBuildConfiguration;
			buildSettings = {
				ALWAYS_SEARCH_USER_PATHS = NO;
				ASSETCATALOG_COMPILER_GENERATE_SWIFT_ASSET_SYMBOL_EXTENSIONS = YES;
				CLANG_ANALYZER_NONNULL = YES;
				CLANG_ANALYZER_NUMBER_OBJECT_CONVERSION = YES_AGGRESSIVE;
				CLANG_CXX_LANGUAGE_STANDARD = "gnu++20";
				CLANG_ENABLE_MODULES = YES;
				CLANG_ENABLE_OBJC_ARC = YES;
				CLANG_ENABLE_OBJC_WEAK = YES;
				CLANG_WARN_BLOCK_CAPTURE_AUTORELEASING = YES;
				CLANG_WARN_BOOL_CONVERSION = YES;
				CLANG_WARN_COMMA = YES;
				CLANG_WARN_CONSTANT_CONVERSION = YES;
				CLANG_WARN_DEPRECATED_OBJC_IMPLEMENTATIONS = YES;
				CLANG_WARN_DIRECT_OBJC_ISA_USAGE = YES_ERROR;
				CLANG_WARN_DOCUMENTATION_COMMENTS = YES;
				CLANG_WARN_EMPTY_BODY = YES;
				CLANG_WARN_ENUM_CONVERSION = YES;
				CLANG_WARN_INFINITE_RECURSION = YES;
				CLANG_WARN_INT_CONVERSION = YES;
				CLANG_WARN_NON_LITERAL_NULL_CONVERSION = YES;
				CLANG_WARN_OBJC_IMPLICIT_RETAIN_SELF = YES;
				CLANG_WARN_OBJC_LITERAL_CONVERSION = YES;
				CLANG_WARN_OBJC_ROOT_CLASS = YES_ERROR;
				CLANG_WARN_QUOTED_INCLUDE_IN_FRAMEWORK_HEADER = YES;
				CLANG_WARN_RANGE_LOOP_ANALYSIS = YES;
				CLANG_WARN_STRICT_PROTOTYPES = YES;
				CLANG_WARN_SUSPICIOUS_MOVE = YES;
				CLANG_WARN_UNGUARDED_AVAILABILITY = YES_AGGRESSIVE;
				CLANG_WARN_UNREACHABLE_CODE = YES;
				CLANG_WARN__DUPLICATE_METHOD_MATCH = YES;
				COPY_PHASE_STRIP = NO;
				DEBUG_INFORMATION_FORMAT = dwarf;
				ENABLE_STRICT_OBJC_MSGSEND = YES;
				ENABLE_TESTABILITY = YES;
				ENABLE_USER_SCRIPT_SANDBOXING = YES;
				GCC_C_LANGUAGE_STANDARD = gnu17;
				GCC_DYNAMIC_NO_PIC = NO;
				GCC_NO_COMMON_BLOCKS = YES;
				GCC_OPTIMIZATION_LEVEL = 0;
				GCC_PREPROCESSOR_DEFINITIONS = (
					"DEBUG=1",
					"$(inherited)",
				);
				GCC_WARN_64_TO_32_BIT_CONVERSION = YES;
				GCC_WARN_ABOUT_RETURN_TYPE = YES_ERROR;
				GCC_WARN_UNDECLARED_SELECTOR = YES;
				GCC_WARN_UNINITIALIZED_AUTOS = YES_AGGRESSIVE;
				GCC_WARN_UNUSED_FUNCTION = YES;
				GCC_WARN_UNUSED_VARIABLE = YES;
				IPHONEOS_DEPLOYMENT_TARGET = 18.2;
				LOCALIZATION_PREFERS_STRING_CATALOGS = YES;
				MTL_ENABLE_DEBUG_INFO = INCLUDE_SOURCE;
				MTL_FAST_MATH = YES;
				ONLY_ACTIVE_ARCH = YES;
				SDKROOT = iphoneos;
				SWIFT_ACTIVE_COMPILATION_CONDITIONS = "DEBUG $(inherited)";
				SWIFT_OPTIMIZATION_LEVEL = "-Onone";
			};
			name = Debug;
		};
		A4F08F5A2D4238CF0058DE06 /* Release */ = {
			isa = XCBuildConfiguration;
			buildSettings = {
				ALWAYS_SEARCH_USER_PATHS = NO;
				ASSETCATALOG_COMPILER_GENERATE_SWIFT_ASSET_SYMBOL_EXTENSIONS = YES;
				CLANG_ANALYZER_NONNULL = YES;
				CLANG_ANALYZER_NUMBER_OBJECT_CONVERSION = YES_AGGRESSIVE;
				CLANG_CXX_LANGUAGE_STANDARD = "gnu++20";
				CLANG_ENABLE_MODULES = YES;
				CLANG_ENABLE_OBJC_ARC = YES;
				CLANG_ENABLE_OBJC_WEAK = YES;
				CLANG_WARN_BLOCK_CAPTURE_AUTORELEASING = YES;
				CLANG_WARN_BOOL_CONVERSION = YES;
				CLANG_WARN_COMMA = YES;
				CLANG_WARN_CONSTANT_CONVERSION = YES;
				CLANG_WARN_DEPRECATED_OBJC_IMPLEMENTATIONS = YES;
				CLANG_WARN_DIRECT_OBJC_ISA_USAGE = YES_ERROR;
				CLANG_WARN_DOCUMENTATION_COMMENTS = YES;
				CLANG_WARN_EMPTY_BODY = YES;
				CLANG_WARN_ENUM_CONVERSION = YES;
				CLANG_WARN_INFINITE_RECURSION = YES;
				CLANG_WARN_INT_CONVERSION = YES;
				CLANG_WARN_NON_LITERAL_NULL_CONVERSION = YES;
				CLANG_WARN_OBJC_IMPLICIT_RETAIN_SELF = YES;
				CLANG_WARN_OBJC_LITERAL_CONVERSION = YES;
				CLANG_WARN_OBJC_ROOT_CLASS = YES_ERROR;
				CLANG_WARN_QUOTED_INCLUDE_IN_FRAMEWORK_HEADER = YES;
				CLANG_WARN_RANGE_LOOP_ANALYSIS = YES;
				CLANG_WARN_STRICT_PROTOTYPES = YES;
				CLANG_WARN_SUSPICIOUS_MOVE = YES;
				CLANG_WARN_UNGUARDED_AVAILABILITY = YES_AGGRESSIVE;
				CLANG_WARN_UNREACHABLE_CODE = YES;
				CLANG_WARN__DUPLICATE_METHOD_MATCH = YES;
				COPY_PHASE_STRIP = NO;
				DEBUG_INFORMATION_FORMAT = "dwarf-with-dsym";
				ENABLE_NS_ASSERTIONS = NO;
				ENABLE_STRICT_OBJC_MSGSEND = YES;
				ENABLE_USER_SCRIPT_SANDBOXING = YES;
				GCC_C_LANGUAGE_STANDARD = gnu17;
				GCC_NO_COMMON_BLOCKS = YES;
				GCC_WARN_64_TO_32_BIT_CONVERSION = YES;
				GCC_WARN_ABOUT_RETURN_TYPE = YES_ERROR;
				GCC_WARN_UNDECLARED_SELECTOR = YES;
				GCC_WARN_UNINITIALIZED_AUTOS = YES_AGGRESSIVE;
				GCC_WARN_UNUSED_FUNCTION = YES;
				GCC_WARN_UNUSED_VARIABLE = YES;
				IPHONEOS_DEPLOYMENT_TARGET = 18.2;
				LOCALIZATION_PREFERS_STRING_CATALOGS = YES;
				MTL_ENABLE_DEBUG_INFO = NO;
				MTL_FAST_MATH = YES;
				SDKROOT = iphoneos;
				SWIFT_COMPILATION_MODE = wholemodule;
				VALIDATE_PRODUCT = YES;
			};
			name = Release;
		};
/* End XCBuildConfiguration section */

/* Begin XCConfigurationList section */
		A40BD13A2DC4E9DE00E54311 /* Build configuration list for PBXNativeTarget "StorageService" */ = {
			isa = XCConfigurationList;
			buildConfigurations = (
				A40BD13B2DC4E9DE00E54311 /* Debug */,
				A40BD13C2DC4E9DE00E54311 /* Release */,
			);
			defaultConfigurationIsVisible = 0;
			defaultConfigurationName = Release;
		};
		A4F08F3E2D4238CE0058DE06 /* Build configuration list for PBXProject "navigation" */ = {
			isa = XCConfigurationList;
			buildConfigurations = (
				A4F08F592D4238CF0058DE06 /* Debug */,
				A4F08F5A2D4238CF0058DE06 /* Release */,
			);
			defaultConfigurationIsVisible = 0;
			defaultConfigurationName = Release;
		};
		A4F08F562D4238CF0058DE06 /* Build configuration list for PBXNativeTarget "navigation" */ = {
			isa = XCConfigurationList;
			buildConfigurations = (
				A4F08F572D4238CF0058DE06 /* Debug */,
				A4F08F582D4238CF0058DE06 /* Release */,
			);
			defaultConfigurationIsVisible = 0;
			defaultConfigurationName = Release;
		};
/* End XCConfigurationList section */
	};
	rootObject = A4F08F3B2D4238CE0058DE06 /* Project object */;
}
